
Microsoft Visual Studio Solution File, Format Version 12.00
# Visual Studio Version 16
VisualStudioVersion = 16.0.30523.141
MinimumVisualStudioVersion = 10.0.40219.1
Project("{F2A71F9B-5D33-465A-A702-920D77279786}") = "FsXml1", "FsXml1\FsXml1.fsproj", "{C7823135-06AE-4A53-8423-D85D0A1C728A}"
EndProject
Global
	GlobalSection(SolutionConfigurationPlatforms) = preSolution
		Debug|Any CPU = Debug|Any CPU
		Release|Any CPU = Release|Any CPU
	EndGlobalSection
	GlobalSection(ProjectConfigurationPlatforms) = postSolution
		{C7823135-06AE-4A53-8423-D85D0A1C728A}.Debug|Any CPU.ActiveCfg = Debug|Any CPU
		{C7823135-06AE-4A53-8423-D85D0A1C728A}.Debug|Any CPU.Build.0 = Debug|Any CPU
		{C7823135-06AE-4A53-8423-D85D0A1C728A}.Release|Any CPU.ActiveCfg = Release|Any CPU
		{C7823135-06AE-4A53-8423-D85D0A1C728A}.Release|Any CPU.Build.0 = Release|Any CPU
	EndGlobalSection
	GlobalSection(SolutionProperties) = preSolution
		HideSolutionNode = FALSE
	EndGlobalSection
	GlobalSection(ExtensibilityGlobals) = postSolution
		SolutionGuid = {075E5FCC-E005-49F5-8ECD-2D11AA1CC9D1}
	EndGlobalSection
EndGlobal
